
Microsoft Visual Studio Solution File, Format Version 12.00
# Visual Studio Version 17
VisualStudioVersion = 17.3.32929.385
MinimumVisualStudioVersion = 10.0.40219.1
Project("{FAE04EC0-301F-11D3-BF4B-00C04F79EFBC}") = "FileHandling", "FileHandling.csproj", "{D2143A5E-E015-4E83-873E-76E04D4B3EDC}"
EndProject
Global
	GlobalSection(SolutionConfigurationPlatforms) = preSolution
		Debug|Any CPU = Debug|Any CPU
		Release|Any CPU = Release|Any CPU
	EndGlobalSection
	GlobalSection(ProjectConfigurationPlatforms) = postSolution
		{D2143A5E-E015-4E83-873E-76E04D4B3EDC}.Debug|Any CPU.ActiveCfg = Debug|Any CPU
		{D2143A5E-E015-4E83-873E-76E04D4B3EDC}.Debug|Any CPU.Build.0 = Debug|Any CPU
		{D2143A5E-E015-4E83-873E-76E04D4B3EDC}.Release|Any CPU.ActiveCfg = Release|Any CPU
		{D2143A5E-E015-4E83-873E-76E04D4B3EDC}.Release|Any CPU.Build.0 = Release|Any CPU
	EndGlobalSection
	GlobalSection(SolutionProperties) = preSolution
		HideSolutionNode = FALSE
	EndGlobalSection
	GlobalSection(ExtensibilityGlobals) = postSolution
		SolutionGuid = {73E9685D-3CF2-4F29-90E2-AAF1256C3BD4}
	EndGlobalSection
EndGlobal
